
Microsoft Visual Studio Solution File, Format Version 12.00
# Visual Studio 15
VisualStudioVersion = 15.0.28010.2046
MinimumVisualStudioVersion = 10.0.40219.1
Project("{FAE04EC0-301F-11D3-BF4B-00C04F79EFBC}") = "FileIOexercise", "FileIOexercise\FileIOexercise.csproj", "{045FA2EE-9E19-441B-880E-BE9CC77CDFA0}"
EndProject
Global
	GlobalSection(SolutionConfigurationPlatforms) = preSolution
		Debug|Any CPU = Debug|Any CPU
		Release|Any CPU = Release|Any CPU
	EndGlobalSection
	GlobalSection(ProjectConfigurationPlatforms) = postSolution
		{045FA2EE-9E19-441B-880E-BE9CC77CDFA0}.Debug|Any CPU.ActiveCfg = Debug|Any CPU
		{045FA2EE-9E19-441B-880E-BE9CC77CDFA0}.Debug|Any CPU.Build.0 = Debug|Any CPU
		{045FA2EE-9E19-441B-880E-BE9CC77CDFA0}.Release|Any CPU.ActiveCfg = Release|Any CPU
		{045FA2EE-9E19-441B-880E-BE9CC77CDFA0}.Release|Any CPU.Build.0 = Release|Any CPU
	EndGlobalSection
	GlobalSection(SolutionProperties) = preSolution
		HideSolutionNode = FALSE
	EndGlobalSection
	GlobalSection(ExtensibilityGlobals) = postSolution
		SolutionGuid = {D6C863E5-7B61-4D46-BADC-8EEF7D46A9E8}
	EndGlobalSection
EndGlobal
