
Microsoft Visual Studio Solution File, Format Version 12.00
# Visual Studio 15
VisualStudioVersion = 15.0.28010.2046
MinimumVisualStudioVersion = 10.0.40219.1
Project("{FAE04EC0-301F-11D3-BF4B-00C04F79EFBC}") = "classAndMethods3", "classAndMethods3\classAndMethods3.csproj", "{5A5942F9-2A70-4B44-92E4-EE63116082E7}"
EndProject
Global
	GlobalSection(SolutionConfigurationPlatforms) = preSolution
		Debug|Any CPU = Debug|Any CPU
		Release|Any CPU = Release|Any CPU
	EndGlobalSection
	GlobalSection(ProjectConfigurationPlatforms) = postSolution
		{5A5942F9-2A70-4B44-92E4-EE63116082E7}.Debug|Any CPU.ActiveCfg = Debug|Any CPU
		{5A5942F9-2A70-4B44-92E4-EE63116082E7}.Debug|Any CPU.Build.0 = Debug|Any CPU
		{5A5942F9-2A70-4B44-92E4-EE63116082E7}.Release|Any CPU.ActiveCfg = Release|Any CPU
		{5A5942F9-2A70-4B44-92E4-EE63116082E7}.Release|Any CPU.Build.0 = Release|Any CPU
	EndGlobalSection
	GlobalSection(SolutionProperties) = preSolution
		HideSolutionNode = FALSE
	EndGlobalSection
	GlobalSection(ExtensibilityGlobals) = postSolution
		SolutionGuid = {BED24A64-9BD1-4BF9-8797-84DE2BA09BE4}
	EndGlobalSection
EndGlobal
