
Microsoft Visual Studio Solution File, Format Version 12.00
# Visual Studio 15
VisualStudioVersion = 15.0.28010.2046
MinimumVisualStudioVersion = 10.0.40219.1
Project("{FAE04EC0-301F-11D3-BF4B-00C04F79EFBC}") = "classAndMethods2", "classAndMethods2\classAndMethods2.csproj", "{59B29E57-8A4E-4EEA-8085-B828D038D4FB}"
EndProject
Global
	GlobalSection(SolutionConfigurationPlatforms) = preSolution
		Debug|Any CPU = Debug|Any CPU
		Release|Any CPU = Release|Any CPU
	EndGlobalSection
	GlobalSection(ProjectConfigurationPlatforms) = postSolution
		{59B29E57-8A4E-4EEA-8085-B828D038D4FB}.Debug|Any CPU.ActiveCfg = Debug|Any CPU
		{59B29E57-8A4E-4EEA-8085-B828D038D4FB}.Debug|Any CPU.Build.0 = Debug|Any CPU
		{59B29E57-8A4E-4EEA-8085-B828D038D4FB}.Release|Any CPU.ActiveCfg = Release|Any CPU
		{59B29E57-8A4E-4EEA-8085-B828D038D4FB}.Release|Any CPU.Build.0 = Release|Any CPU
	EndGlobalSection
	GlobalSection(SolutionProperties) = preSolution
		HideSolutionNode = FALSE
	EndGlobalSection
	GlobalSection(ExtensibilityGlobals) = postSolution
		SolutionGuid = {4B0DFF4E-886B-45E5-A840-C388B47F2C5B}
	EndGlobalSection
EndGlobal
